<?xml version="1.0" encoding="utf-8"?>
<Project ToolsVersion="4.0" xmlns="http://schemas.microsoft.com/developer/msbuild/2003">
  <ItemGroup>
    <Filter Include="Source Files">
      <UniqueIdentifier>{4FC737F1-C7A5-4376-A066-2A32D752A2FF}</UniqueIdentifier>
      <Extensions>cpp;c;cc;cxx;c++;cppm;ixx;def;odl;idl;hpj;bat;asm;asmx</Extensions>
    </Filter>
    <Filter Include="Header Files">
      <UniqueIdentifier>{93995380-89BD-4b04-88EB-625FBE52EBFB}</UniqueIdentifier>
      <Extensions>h;hh;hpp;hxx;h++;hm;inl;inc;ipp;xsd</Extensions>
    </Filter>
    <Filter Include="Resource Files">
      <UniqueIdentifier>{67DA6AB6-F800-4c08-8B7A-83BB121AAD01}</UniqueIdentifier>
      <Extensions>rc;ico;cur;bmp;dlg;rc2;rct;bin;rgs;gif;jpg;jpeg;jpe;resx;tiff;tif;png;wav;mfcribbon-ms</Extensions>
    </Filter>
  </ItemGroup>
  <ItemGroup>
    <ClInclude Include="framework.h">
      <Filter>Header Files</Filter>
    </ClInclude>
    <ClInclude Include="SDK\UnrealContainers.hpp">
      <Filter>Header Files</Filter>
    </ClInclude>
    <ClInclude Include="SDK\SDK.hpp">
      <Filter>Header Files</Filter>
    </ClInclude>
    <ClInclude Include="SDK\PropertyFixup.hpp">
      <Filter>Header Files</Filter>
    </ClInclude>
    <ClInclude Include="Offsets.h">
      <Filter>Header Files</Filter>
    </ClInclude>
    <ClInclude Include="Runtime.h">
      <Filter>Header Files</Filter>
    </ClInclude>
    <ClInclude Include="Engine\Plugins\Crystal\Public\Crystal.h">
      <Filter>Header Files</Filter>
    </ClInclude>
    <ClInclude Include="Engine\Runtime\GameplayAbilities\Public\AbilitySystemComponent.h">
      <Filter>Header Files</Filter>
    </ClInclude>
    <ClInclude Include="Engine\Runtime\FortniteGame\Quests\Public\FortQuestManager.h">
      <Filter>Header Files</Filter>
    </ClInclude>
    <ClInclude Include="Engine\Runtime\FortniteGame\Player\Public\FortPlayerController.h">
      <Filter>Header Files</Filter>
    </ClInclude>
    <ClInclude Include="Engine\Runtime\FortniteGame\Inventory\Public\FortInventory.h">
      <Filter>Header Files</Filter>
    </ClInclude>
    <ClInclude Include="Engine\Runtime\FortniteGame\Athena\Public\FortPlayerControllerAthena.h">
      <Filter>Header Files</Filter>
    </ClInclude>
    <ClInclude Include="Engine\Runtime\FortniteGame\Building\Public\BuildingSMActor.h">
      <Filter>Header Files</Filter>
    </ClInclude>
    <ClInclude Include="Engine\Runtime\FortniteGame\Creative\Public\FortPlaysetItemDefinition.h">
      <Filter>Header Files</Filter>
    </ClInclude>
    <ClInclude Include="Engine\Runtime\FortniteGame\Athena\Public\FortPlaylistAthena.h">
      <Filter>Header Files</Filter>
    </ClInclude>
    <ClInclude Include="Engine\Runtime\FortniteGame\Player\Public\FortPlayerPawn.h">
      <Filter>Header Files</Filter>
    </ClInclude>
    <ClInclude Include="Engine\Runtime\FortniteGame\Creative\Public\FortMinigameSettingsBuilding.h">
      <Filter>Header Files</Filter>
    </ClInclude>
    <ClInclude Include="Engine\Runtime\FortniteGame\Creative\Public\FortMinigame.h">
      <Filter>Header Files</Filter>
    </ClInclude>
    <ClInclude Include="Engine\Runtime\FortniteGame\Athena\Public\FortGameModeAthena.h">
      <Filter>Header Files</Filter>
    </ClInclude>
    <ClInclude Include="Engine\Runtime\FortniteGame\Athena\Public\FortAthenaVehicle.h">
      <Filter>Header Files</Filter>
    </ClInclude>
    <ClInclude Include="Engine\Runtime\FortniteGame\Building\Public\BuildingContainer.h">
      <Filter>Header Files</Filter>
    </ClInclude>
    <ClInclude Include="Engine\Runtime\FortniteGame\Creative\Public\FortCreativeMoveTool.h">
      <Filter>Header Files</Filter>
    </ClInclude>
    <ClInclude Include="Engine\Runtime\FortniteGame\Creative\Public\FortAthenaCreativePortal.h">
      <Filter>Header Files</Filter>
    </ClInclude>
    <ClInclude Include="Engine\Plugins\Crystal\Lategame\Public\Lategame.h">
      <Filter>Header Files</Filter>
    </ClInclude>
    <ClInclude Include="Engine\Runtime\Engine\Actor\Public\Actor.h">
      <Filter>Header Files</Filter>
    </ClInclude>
    <ClInclude Include="Engine\Runtime\Engine\DispatchRequest\Public\DispatchRequest.h">
      <Filter>Header Files</Filter>
    </ClInclude>
    <ClInclude Include="Engine\Runtime\Engine\NetDriver\Public\NetDriver.h">
      <Filter>Header Files</Filter>
    </ClInclude>
  </ItemGroup>
  <ItemGroup>
    <ClCompile Include="dllmain.cpp">
      <Filter>Source Files</Filter>
    </ClCompile>
    <ClCompile Include="SDK\SDK\Basic.cpp">
      <Filter>Source Files</Filter>
    </ClCompile>
    <ClCompile Include="SDK\SDK\CoreUObject_functions.cpp">
      <Filter>Source Files</Filter>
    </ClCompile>
    <ClCompile Include="SDK\SDK\Engine_functions.cpp">
      <Filter>Source Files</Filter>
    </ClCompile>
    <ClCompile Include="SDK\SDK\FortniteGame_functions.cpp">
      <Filter>Source Files</Filter>
    </ClCompile>
    <ClCompile Include="SDK\SDK\GameplayAbilities_functions.cpp">
      <Filter>Source Files</Filter>
    </ClCompile>
    <ClCompile Include="Runtime.cpp">
      <Filter>Source Files</Filter>
    </ClCompile>
    <ClCompile Include="Engine\Plugins\Crystal\Private\Crystal.cpp">
      <Filter>Source Files</Filter>
    </ClCompile>
    <ClCompile Include="Engine\Runtime\GameplayAbilities\Private\AbilitySystemComponent.cpp">
      <Filter>Source Files</Filter>
    </ClCompile>
    <ClCompile Include="Engine\Runtime\FortniteGame\Quests\Private\FortQuestManager.cpp">
      <Filter>Source Files</Filter>
    </ClCompile>
    <ClCompile Include="Engine\Runtime\FortniteGame\Player\Private\FortPlayerController.cpp">
      <Filter>Source Files</Filter>
    </ClCompile>
    <ClCompile Include="Engine\Runtime\FortniteGame\Inventory\Private\FortInventory.cpp">
      <Filter>Source Files</Filter>
    </ClCompile>
    <ClCompile Include="Engine\Runtime\FortniteGame\Athena\Private\FortPlayerControllerAthena.cpp">
      <Filter>Source Files</Filter>
    </ClCompile>
    <ClCompile Include="Engine\Runtime\FortniteGame\Building\Private\BuildingSMActor.cpp">
      <Filter>Source Files</Filter>
    </ClCompile>
    <ClCompile Include="Engine\Runtime\FortniteGame\Creative\Private\FortPlaysetItemDefinition.cpp">
      <Filter>Source Files</Filter>
    </ClCompile>
    <ClCompile Include="Engine\Runtime\FortniteGame\Athena\Private\FortPlaylistAthena.cpp">
      <Filter>Source Files</Filter>
    </ClCompile>
    <ClCompile Include="Engine\Runtime\FortniteGame\Player\Private\FortPlayerPawn.cpp">
      <Filter>Source Files</Filter>
    </ClCompile>
    <ClCompile Include="Engine\Runtime\FortniteGame\Creative\Private\FortMinigameSettingsBuilding.cpp">
      <Filter>Source Files</Filter>
    </ClCompile>
    <ClCompile Include="Engine\Runtime\FortniteGame\Creative\Private\FortMinigame.cpp">
      <Filter>Source Files</Filter>
    </ClCompile>
    <ClCompile Include="Engine\Runtime\FortniteGame\Athena\Private\FortGameModeAthena.cpp">
      <Filter>Source Files</Filter>
    </ClCompile>
    <ClCompile Include="Engine\Runtime\FortniteGame\Athena\Private\FortAthenaVehicle.cpp">
      <Filter>Source Files</Filter>
    </ClCompile>
    <ClCompile Include="Engine\Runtime\FortniteGame\Building\Private\BuildingContainer.cpp">
      <Filter>Source Files</Filter>
    </ClCompile>
    <ClCompile Include="Engine\Runtime\FortniteGame\Creative\Private\FortCreativeMoveTool.cpp">
      <Filter>Source Files</Filter>
    </ClCompile>
    <ClCompile Include="Engine\Runtime\FortniteGame\Creative\Private\FortAthenaCreativePortal.cpp">
      <Filter>Source Files</Filter>
    </ClCompile>
    <ClCompile Include="Engine\Plugins\Crystal\Lategame\Private\Lategame.cpp">
      <Filter>Source Files</Filter>
    </ClCompile>
    <ClCompile Include="Engine\Runtime\Engine\Actor\Private\Actor.cpp">
      <Filter>Source Files</Filter>
    </ClCompile>
    <ClCompile Include="Engine\Runtime\Engine\DispatchRequest\Private\DispatchRequest.cpp">
      <Filter>Source Files</Filter>
    </ClCompile>
    <ClCompile Include="Engine\Runtime\Engine\NetDriver\Private\NetDriver.cpp">
      <Filter>Source Files</Filter>
    </ClCompile>
  </ItemGroup>
  <ItemGroup>
    <None Include="SDK\NameCollisions.inl">
      <Filter>Header Files</Filter>
    </None>
  </ItemGroup>
</Project>